
Microsoft Visual Studio Solution File, Format Version 12.00
# Visual Studio Version 16
VisualStudioVersion = 16.0.29911.84
MinimumVisualStudioVersion = 10.0.40219.1
Project("{FAE04EC0-301F-11D3-BF4B-00C04F79EFBC}") = "MvcCroe", "MvcCroe\MvcCroe.csproj", "{3C351B49-5342-452B-88FB-2D5B6A5FB104}"
EndProject
Global
	GlobalSection(SolutionConfigurationPlatforms) = preSolution
		Debug|Any CPU = Debug|Any CPU
		Release|Any CPU = Release|Any CPU
	EndGlobalSection
	GlobalSection(ProjectConfigurationPlatforms) = postSolution
		{3C351B49-5342-452B-88FB-2D5B6A5FB104}.Debug|Any CPU.ActiveCfg = Debug|Any CPU
		{3C351B49-5342-452B-88FB-2D5B6A5FB104}.Debug|Any CPU.Build.0 = Debug|Any CPU
		{3C351B49-5342-452B-88FB-2D5B6A5FB104}.Release|Any CPU.ActiveCfg = Release|Any CPU
		{3C351B49-5342-452B-88FB-2D5B6A5FB104}.Release|Any CPU.Build.0 = Release|Any CPU
	EndGlobalSection
	GlobalSection(SolutionProperties) = preSolution
		HideSolutionNode = FALSE
	EndGlobalSection
	GlobalSection(ExtensibilityGlobals) = postSolution
		SolutionGuid = {A0542F65-0EE2-4CA7-8D3C-A6B9C95AAF2E}
	EndGlobalSection
EndGlobal
